
Microsoft Visual Studio Solution File, Format Version 12.00
# Visual Studio Version 16
VisualStudioVersion = 16.0.31205.134
MinimumVisualStudioVersion = 10.0.40219.1
Project("{8BC9CEB8-8B4A-11D0-8D11-00A0C91BC942}") = "10.16", "10.16.vcxproj", "{315473CC-9123-401C-87E9-BFACF7F7BA7B}"
EndProject
Global
	GlobalSection(SolutionConfigurationPlatforms) = preSolution
		Debug|x64 = Debug|x64
		Debug|x86 = Debug|x86
		Release|x64 = Release|x64
		Release|x86 = Release|x86
	EndGlobalSection
	GlobalSection(ProjectConfigurationPlatforms) = postSolution
		{315473CC-9123-401C-87E9-BFACF7F7BA7B}.Debug|x64.ActiveCfg = Debug|x64
		{315473CC-9123-401C-87E9-BFACF7F7BA7B}.Debug|x64.Build.0 = Debug|x64
		{315473CC-9123-401C-87E9-BFACF7F7BA7B}.Debug|x86.ActiveCfg = Debug|Win32
		{315473CC-9123-401C-87E9-BFACF7F7BA7B}.Debug|x86.Build.0 = Debug|Win32
		{315473CC-9123-401C-87E9-BFACF7F7BA7B}.Release|x64.ActiveCfg = Release|x64
		{315473CC-9123-401C-87E9-BFACF7F7BA7B}.Release|x64.Build.0 = Release|x64
		{315473CC-9123-401C-87E9-BFACF7F7BA7B}.Release|x86.ActiveCfg = Release|Win32
		{315473CC-9123-401C-87E9-BFACF7F7BA7B}.Release|x86.Build.0 = Release|Win32
	EndGlobalSection
	GlobalSection(SolutionProperties) = preSolution
		HideSolutionNode = FALSE
	EndGlobalSection
	GlobalSection(ExtensibilityGlobals) = postSolution
		SolutionGuid = {908FA2B1-0723-49BF-BD3A-CB6CA6C2DA49}
	EndGlobalSection
EndGlobal
