
Microsoft Visual Studio Solution File, Format Version 12.00
# Visual Studio 15
VisualStudioVersion = 15.0.28307.1340
MinimumVisualStudioVersion = 10.0.40219.1
Project("{8BC9CEB8-8B4A-11D0-8D11-00A0C91BC942}") = "bubblesortch9.4", "bubblesortch9.4\bubblesortch9.4.vcxproj", "{F1E419D5-41AC-4E6A-8EE0-B2A7A44D631B}"
EndProject
Global
	GlobalSection(SolutionConfigurationPlatforms) = preSolution
		Debug|x64 = Debug|x64
		Debug|x86 = Debug|x86
		Release|x64 = Release|x64
		Release|x86 = Release|x86
	EndGlobalSection
	GlobalSection(ProjectConfigurationPlatforms) = postSolution
		{F1E419D5-41AC-4E6A-8EE0-B2A7A44D631B}.Debug|x64.ActiveCfg = Debug|x64
		{F1E419D5-41AC-4E6A-8EE0-B2A7A44D631B}.Debug|x64.Build.0 = Debug|x64
		{F1E419D5-41AC-4E6A-8EE0-B2A7A44D631B}.Debug|x86.ActiveCfg = Debug|Win32
		{F1E419D5-41AC-4E6A-8EE0-B2A7A44D631B}.Debug|x86.Build.0 = Debug|Win32
		{F1E419D5-41AC-4E6A-8EE0-B2A7A44D631B}.Release|x64.ActiveCfg = Release|x64
		{F1E419D5-41AC-4E6A-8EE0-B2A7A44D631B}.Release|x64.Build.0 = Release|x64
		{F1E419D5-41AC-4E6A-8EE0-B2A7A44D631B}.Release|x86.ActiveCfg = Release|Win32
		{F1E419D5-41AC-4E6A-8EE0-B2A7A44D631B}.Release|x86.Build.0 = Release|Win32
	EndGlobalSection
	GlobalSection(SolutionProperties) = preSolution
		HideSolutionNode = FALSE
	EndGlobalSection
	GlobalSection(ExtensibilityGlobals) = postSolution
		SolutionGuid = {B39F3C7A-E014-4435-89AC-697264983B23}
	EndGlobalSection
EndGlobal
